
Microsoft Visual Studio Solution File, Format Version 12.00
# Visual Studio Version 16
VisualStudioVersion = 16.0.28621.142
MinimumVisualStudioVersion = 10.0.40219.1
Project("{FAE04EC0-301F-11D3-BF4B-00C04F79EFBC}") = "LinkedLists", "LinkedLists\LinkedLists.csproj", "{613179DC-6AE7-4C99-A280-0FC0229DDF89}"
EndProject
Project("{FAE04EC0-301F-11D3-BF4B-00C04F79EFBC}") = "LinkedListTests", "LinkedListTests\LinkedListTests.csproj", "{64BC0C01-129C-4DC5-82F8-37393DD2F34C}"
EndProject
Global
	GlobalSection(SolutionConfigurationPlatforms) = preSolution
		Debug|Any CPU = Debug|Any CPU
		Release|Any CPU = Release|Any CPU
	EndGlobalSection
	GlobalSection(ProjectConfigurationPlatforms) = postSolution
		{613179DC-6AE7-4C99-A280-0FC0229DDF89}.Debug|Any CPU.ActiveCfg = Debug|Any CPU
		{613179DC-6AE7-4C99-A280-0FC0229DDF89}.Debug|Any CPU.Build.0 = Debug|Any CPU
		{613179DC-6AE7-4C99-A280-0FC0229DDF89}.Release|Any CPU.ActiveCfg = Release|Any CPU
		{613179DC-6AE7-4C99-A280-0FC0229DDF89}.Release|Any CPU.Build.0 = Release|Any CPU
		{64BC0C01-129C-4DC5-82F8-37393DD2F34C}.Debug|Any CPU.ActiveCfg = Debug|Any CPU
		{64BC0C01-129C-4DC5-82F8-37393DD2F34C}.Debug|Any CPU.Build.0 = Debug|Any CPU
		{64BC0C01-129C-4DC5-82F8-37393DD2F34C}.Release|Any CPU.ActiveCfg = Release|Any CPU
		{64BC0C01-129C-4DC5-82F8-37393DD2F34C}.Release|Any CPU.Build.0 = Release|Any CPU
	EndGlobalSection
	GlobalSection(SolutionProperties) = preSolution
		HideSolutionNode = FALSE
	EndGlobalSection
	GlobalSection(ExtensibilityGlobals) = postSolution
		SolutionGuid = {EFF5D0BB-3EA1-456F-BDC8-646544873919}
	EndGlobalSection
EndGlobal
